// !$*UTF8*$!
{
	archiveVersion = 1;
	classes = {
	};
	objectVersion = 46;
	objects = {

/* Begin PBXBuildFile section */
		47B2F02A2A1A4E23AB85B397 /* libPods.a in Frameworks */ = {isa = PBXBuildFile; fileRef = 384D3D2B01CD4C36885FE3DF /* libPods.a */; };
		CC20ED4719555BE900323FBC /* FilterViewController.m in Sources */ = {isa = PBXBuildFile; fileRef = CC20ED4519555BE900323FBC /* FilterViewController.m */; };
		CC20ED4819555BE900323FBC /* FilterViewController.xib in Resources */ = {isa = PBXBuildFile; fileRef = CC20ED4619555BE900323FBC /* FilterViewController.xib */; };
		CC20ED4C1956439300323FBC /* FilterTableViewCell.m in Sources */ = {isa = PBXBuildFile; fileRef = CC20ED4A1956439300323FBC /* FilterTableViewCell.m */; };
		CC20ED4D1956439300323FBC /* FilterTableViewCell.xib in Resources */ = {isa = PBXBuildFile; fileRef = CC20ED4B1956439300323FBC /* FilterTableViewCell.xib */; };
		CC20ED5119567CE700323FBC /* checked.png in Resources */ = {isa = PBXBuildFile; fileRef = CC20ED4F19567CE700323FBC /* checked.png */; };
		CC20ED5219567CE700323FBC /* unchecked.png in Resources */ = {isa = PBXBuildFile; fileRef = CC20ED5019567CE700323FBC /* unchecked.png */; };
		CC2182C01952796B00918366 /* Foundation.framework in Frameworks */ = {isa = PBXBuildFile; fileRef = CC2182BF1952796B00918366 /* Foundation.framework */; };
		CC2182C21952796B00918366 /* CoreGraphics.framework in Frameworks */ = {isa = PBXBuildFile; fileRef = CC2182C11952796B00918366 /* CoreGraphics.framework */; };
		CC2182C41952796B00918366 /* UIKit.framework in Frameworks */ = {isa = PBXBuildFile; fileRef = CC2182C31952796B00918366 /* UIKit.framework */; };
		CC2182CA1952796B00918366 /* InfoPlist.strings in Resources */ = {isa = PBXBuildFile; fileRef = CC2182C81952796B00918366 /* InfoPlist.strings */; };
		CC2182CC1952796B00918366 /* main.m in Sources */ = {isa = PBXBuildFile; fileRef = CC2182CB1952796B00918366 /* main.m */; };
		CC2182D01952796B00918366 /* AppDelegate.m in Sources */ = {isa = PBXBuildFile; fileRef = CC2182CF1952796B00918366 /* AppDelegate.m */; };
		CC2182D21952796B00918366 /* Images.xcassets in Resources */ = {isa = PBXBuildFile; fileRef = CC2182D11952796B00918366 /* Images.xcassets */; };
		CC2182D91952796C00918366 /* XCTest.framework in Frameworks */ = {isa = PBXBuildFile; fileRef = CC2182D81952796C00918366 /* XCTest.framework */; };
		CC2182DA1952796C00918366 /* Foundation.framework in Frameworks */ = {isa = PBXBuildFile; fileRef = CC2182BF1952796B00918366 /* Foundation.framework */; };
		CC2182DB1952796C00918366 /* UIKit.framework in Frameworks */ = {isa = PBXBuildFile; fileRef = CC2182C31952796B00918366 /* UIKit.framework */; };
		CC2182E31952796C00918366 /* InfoPlist.strings in Resources */ = {isa = PBXBuildFile; fileRef = CC2182E11952796C00918366 /* InfoPlist.strings */; };
		CC2182E51952796C00918366 /* YelpDemoTests.m in Sources */ = {isa = PBXBuildFile; fileRef = CC2182E41952796C00918366 /* YelpDemoTests.m */; };
		CC2182EF19527A8A00918366 /* SystemConfiguration.framework in Frameworks */ = {isa = PBXBuildFile; fileRef = CC2182EE19527A8A00918366 /* SystemConfiguration.framework */; };
		CC2182F319527B0D00918366 /* YelpHomeViewController.m in Sources */ = {isa = PBXBuildFile; fileRef = CC2182F119527B0D00918366 /* YelpHomeViewController.m */; };
		CC2182F419527B0D00918366 /* YelpHomeViewController.xib in Resources */ = {isa = PBXBuildFile; fileRef = CC2182F219527B0D00918366 /* YelpHomeViewController.xib */; };
		CC2182F7195282BD00918366 /* YelpClient.m in Sources */ = {isa = PBXBuildFile; fileRef = CC2182F6195282BD00918366 /* YelpClient.m */; };
		CC2182FB19528A2E00918366 /* SearchAPIResponse.m in Sources */ = {isa = PBXBuildFile; fileRef = CC2182FA19528A2E00918366 /* SearchAPIResponse.m */; };
		CC2182FE19528B6100918366 /* Business.m in Sources */ = {isa = PBXBuildFile; fileRef = CC2182FD19528B6100918366 /* Business.m */; };
		CC21830119528B9100918366 /* Location.m in Sources */ = {isa = PBXBuildFile; fileRef = CC21830019528B9100918366 /* Location.m */; };
		CC218304195290D600918366 /* Region.m in Sources */ = {isa = PBXBuildFile; fileRef = CC218303195290D600918366 /* Region.m */; };
		CC218307195290EE00918366 /* Span.m in Sources */ = {isa = PBXBuildFile; fileRef = CC218306195290EE00918366 /* Span.m */; };
		CC21830A1952910200918366 /* Center.m in Sources */ = {isa = PBXBuildFile; fileRef = CC2183091952910200918366 /* Center.m */; };
		CC21830D1953DFB600918366 /* BusinessCategory.m in Sources */ = {isa = PBXBuildFile; fileRef = CC21830C1953DFB600918366 /* BusinessCategory.m */; };
		CC2183101953E62D00918366 /* Address.m in Sources */ = {isa = PBXBuildFile; fileRef = CC21830F1953E62D00918366 /* Address.m */; };
		CC2183141953EF0B00918366 /* BusinessTableViewCell.m in Sources */ = {isa = PBXBuildFile; fileRef = CC2183121953EF0B00918366 /* BusinessTableViewCell.m */; };
		CC2183151953EF0B00918366 /* BusinessTableViewCell.xib in Resources */ = {isa = PBXBuildFile; fileRef = CC2183131953EF0B00918366 /* BusinessTableViewCell.xib */; };
/* End PBXBuildFile section */

/* Begin PBXContainerItemProxy section */
		CC2182DC1952796C00918366 /* PBXContainerItemProxy */ = {
			isa = PBXContainerItemProxy;
			containerPortal = CC2182B41952796B00918366 /* Project object */;
			proxyType = 1;
			remoteGlobalIDString = CC2182BB1952796B00918366;
			remoteInfo = YelpDemo;
		};
/* End PBXContainerItemProxy section */

/* Begin PBXFileReference section */
		384D3D2B01CD4C36885FE3DF /* libPods.a */ = {isa = PBXFileReference; explicitFileType = archive.ar; includeInIndex = 0; path = libPods.a; sourceTree = BUILT_PRODUCTS_DIR; };
		CC20ED4419555BE900323FBC /* FilterViewController.h */ = {isa = PBXFileReference; fileEncoding = 4; lastKnownFileType = sourcecode.c.h; path = FilterViewController.h; sourceTree = "<group>"; };
		CC20ED4519555BE900323FBC /* FilterViewController.m */ = {isa = PBXFileReference; fileEncoding = 4; lastKnownFileType = sourcecode.c.objc; path = FilterViewController.m; sourceTree = "<group>"; };
		CC20ED4619555BE900323FBC /* FilterViewController.xib */ = {isa = PBXFileReference; fileEncoding = 4; lastKnownFileType = file.xib; path = FilterViewController.xib; sourceTree = "<group>"; };
		CC20ED491956439300323FBC /* FilterTableViewCell.h */ = {isa = PBXFileReference; fileEncoding = 4; lastKnownFileType = sourcecode.c.h; path = FilterTableViewCell.h; sourceTree = "<group>"; };
		CC20ED4A1956439300323FBC /* FilterTableViewCell.m */ = {isa = PBXFileReference; fileEncoding = 4; lastKnownFileType = sourcecode.c.objc; path = FilterTableViewCell.m; sourceTree = "<group>"; };
		CC20ED4B1956439300323FBC /* FilterTableViewCell.xib */ = {isa = PBXFileReference; fileEncoding = 4; lastKnownFileType = file.xib; path = FilterTableViewCell.xib; sourceTree = "<group>"; };
		CC20ED4F19567CE700323FBC /* checked.png */ = {isa = PBXFileReference; lastKnownFileType = image.png; path = checked.png; sourceTree = "<group>"; };
		CC20ED5019567CE700323FBC /* unchecked.png */ = {isa = PBXFileReference; lastKnownFileType = image.png; path = unchecked.png; sourceTree = "<group>"; };
		CC2182BC1952796B00918366 /* YelpDemo.app */ = {isa = PBXFileReference; explicitFileType = wrapper.application; includeInIndex = 0; path = YelpDemo.app; sourceTree = BUILT_PRODUCTS_DIR; };
		CC2182BF1952796B00918366 /* Foundation.framework */ = {isa = PBXFileReference; lastKnownFileType = wrapper.framework; name = Foundation.framework; path = System/Library/Frameworks/Foundation.framework; sourceTree = SDKROOT; };
		CC2182C11952796B00918366 /* CoreGraphics.framework */ = {isa = PBXFileReference; lastKnownFileType = wrapper.framework; name = CoreGraphics.framework; path = System/Library/Frameworks/CoreGraphics.framework; sourceTree = SDKROOT; };
		CC2182C31952796B00918366 /* UIKit.framework */ = {isa = PBXFileReference; lastKnownFileType = wrapper.framework; name = UIKit.framework; path = System/Library/Frameworks/UIKit.framework; sourceTree = SDKROOT; };
		CC2182C71952796B00918366 /* YelpDemo-Info.plist */ = {isa = PBXFileReference; lastKnownFileType = text.plist.xml; path = "YelpDemo-Info.plist"; sourceTree = "<group>"; };
		CC2182C91952796B00918366 /* en */ = {isa = PBXFileReference; lastKnownFileType = text.plist.strings; name = en; path = en.lproj/InfoPlist.strings; sourceTree = "<group>"; };
		CC2182CB1952796B00918366 /* main.m */ = {isa = PBXFileReference; lastKnownFileType = sourcecode.c.objc; path = main.m; sourceTree = "<group>"; };
		CC2182CD1952796B00918366 /* YelpDemo-Prefix.pch */ = {isa = PBXFileReference; lastKnownFileType = sourcecode.c.h; path = "YelpDemo-Prefix.pch"; sourceTree = "<group>"; };
		CC2182CE1952796B00918366 /* AppDelegate.h */ = {isa = PBXFileReference; lastKnownFileType = sourcecode.c.h; path = AppDelegate.h; sourceTree = "<group>"; };
		CC2182CF1952796B00918366 /* AppDelegate.m */ = {isa = PBXFileReference; lastKnownFileType = sourcecode.c.objc; path = AppDelegate.m; sourceTree = "<group>"; };
		CC2182D11952796B00918366 /* Images.xcassets */ = {isa = PBXFileReference; lastKnownFileType = folder.assetcatalog; path = Images.xcassets; sourceTree = "<group>"; };
		CC2182D71952796C00918366 /* YelpDemoTests.xctest */ = {isa = PBXFileReference; explicitFileType = wrapper.cfbundle; includeInIndex = 0; path = YelpDemoTests.xctest; sourceTree = BUILT_PRODUCTS_DIR; };
		CC2182D81952796C00918366 /* XCTest.framework */ = {isa = PBXFileReference; lastKnownFileType = wrapper.framework; name = XCTest.framework; path = Library/Frameworks/XCTest.framework; sourceTree = DEVELOPER_DIR; };
		CC2182E01952796C00918366 /* YelpDemoTests-Info.plist */ = {isa = PBXFileReference; lastKnownFileType = text.plist.xml; path = "YelpDemoTests-Info.plist"; sourceTree = "<group>"; };
		CC2182E21952796C00918366 /* en */ = {isa = PBXFileReference; lastKnownFileType = text.plist.strings; name = en; path = en.lproj/InfoPlist.strings; sourceTree = "<group>"; };
		CC2182E41952796C00918366 /* YelpDemoTests.m */ = {isa = PBXFileReference; lastKnownFileType = sourcecode.c.objc; path = YelpDemoTests.m; sourceTree = "<group>"; };
		CC2182EE19527A8A00918366 /* SystemConfiguration.framework */ = {isa = PBXFileReference; lastKnownFileType = wrapper.framework; name = SystemConfiguration.framework; path = System/Library/Frameworks/SystemConfiguration.framework; sourceTree = SDKROOT; };
		CC2182F019527B0D00918366 /* YelpHomeViewController.h */ = {isa = PBXFileReference; fileEncoding = 4; lastKnownFileType = sourcecode.c.h; path = YelpHomeViewController.h; sourceTree = "<group>"; };
		CC2182F119527B0D00918366 /* YelpHomeViewController.m */ = {isa = PBXFileReference; fileEncoding = 4; lastKnownFileType = sourcecode.c.objc; path = YelpHomeViewController.m; sourceTree = "<group>"; };
		CC2182F219527B0D00918366 /* YelpHomeViewController.xib */ = {isa = PBXFileReference; fileEncoding = 4; lastKnownFileType = file.xib; path = YelpHomeViewController.xib; sourceTree = "<group>"; };
		CC2182F5195282BD00918366 /* YelpClient.h */ = {isa = PBXFileReference; fileEncoding = 4; lastKnownFileType = sourcecode.c.h; path = YelpClient.h; sourceTree = "<group>"; };
		CC2182F6195282BD00918366 /* YelpClient.m */ = {isa = PBXFileReference; fileEncoding = 4; lastKnownFileType = sourcecode.c.objc; path = YelpClient.m; sourceTree = "<group>"; };
		CC2182F919528A2E00918366 /* SearchAPIResponse.h */ = {isa = PBXFileReference; fileEncoding = 4; lastKnownFileType = sourcecode.c.h; path = SearchAPIResponse.h; sourceTree = "<group>"; };
		CC2182FA19528A2E00918366 /* SearchAPIResponse.m */ = {isa = PBXFileReference; fileEncoding = 4; lastKnownFileType = sourcecode.c.objc; path = SearchAPIResponse.m; sourceTree = "<group>"; };
		CC2182FC19528B6100918366 /* Business.h */ = {isa = PBXFileReference; fileEncoding = 4; lastKnownFileType = sourcecode.c.h; path = Business.h; sourceTree = "<group>"; };
		CC2182FD19528B6100918366 /* Business.m */ = {isa = PBXFileReference; fileEncoding = 4; lastKnownFileType = sourcecode.c.objc; path = Business.m; sourceTree = "<group>"; };
		CC2182FF19528B9100918366 /* Location.h */ = {isa = PBXFileReference; fileEncoding = 4; lastKnownFileType = sourcecode.c.h; path = Location.h; sourceTree = "<group>"; };
		CC21830019528B9100918366 /* Location.m */ = {isa = PBXFileReference; fileEncoding = 4; lastKnownFileType = sourcecode.c.objc; path = Location.m; sourceTree = "<group>"; };
		CC218302195290D600918366 /* Region.h */ = {isa = PBXFileReference; fileEncoding = 4; lastKnownFileType = sourcecode.c.h; path = Region.h; sourceTree = "<group>"; };
		CC218303195290D600918366 /* Region.m */ = {isa = PBXFileReference; fileEncoding = 4; lastKnownFileType = sourcecode.c.objc; path = Region.m; sourceTree = "<group>"; };
		CC218305195290EE00918366 /* Span.h */ = {isa = PBXFileReference; fileEncoding = 4; lastKnownFileType = sourcecode.c.h; path = Span.h; sourceTree = "<group>"; };
		CC218306195290EE00918366 /* Span.m */ = {isa = PBXFileReference; fileEncoding = 4; lastKnownFileType = sourcecode.c.objc; path = Span.m; sourceTree = "<group>"; };
		CC2183081952910200918366 /* Center.h */ = {isa = PBXFileReference; fileEncoding = 4; lastKnownFileType = sourcecode.c.h; path = Center.h; sourceTree = "<group>"; };
		CC2183091952910200918366 /* Center.m */ = {isa = PBXFileReference; fileEncoding = 4; lastKnownFileType = sourcecode.c.objc; path = Center.m; sourceTree = "<group>"; };
		CC21830B1953DFB600918366 /* BusinessCategory.h */ = {isa = PBXFileReference; fileEncoding = 4; lastKnownFileType = sourcecode.c.h; path = BusinessCategory.h; sourceTree = "<group>"; };
		CC21830C1953DFB600918366 /* BusinessCategory.m */ = {isa = PBXFileReference; fileEncoding = 4; lastKnownFileType = sourcecode.c.objc; path = BusinessCategory.m; sourceTree = "<group>"; };
		CC21830E1953E62D00918366 /* Address.h */ = {isa = PBXFileReference; fileEncoding = 4; lastKnownFileType = sourcecode.c.h; path = Address.h; sourceTree = "<group>"; };
		CC21830F1953E62D00918366 /* Address.m */ = {isa = PBXFileReference; fileEncoding = 4; lastKnownFileType = sourcecode.c.objc; path = Address.m; sourceTree = "<group>"; };
		CC2183111953EF0B00918366 /* BusinessTableViewCell.h */ = {isa = PBXFileReference; fileEncoding = 4; lastKnownFileType = sourcecode.c.h; path = BusinessTableViewCell.h; sourceTree = "<group>"; };
		CC2183121953EF0B00918366 /* BusinessTableViewCell.m */ = {isa = PBXFileReference; fileEncoding = 4; lastKnownFileType = sourcecode.c.objc; path = BusinessTableViewCell.m; sourceTree = "<group>"; };
		CC2183131953EF0B00918366 /* BusinessTableViewCell.xib */ = {isa = PBXFileReference; fileEncoding = 4; lastKnownFileType = file.xib; path = BusinessTableViewCell.xib; sourceTree = "<group>"; };
		F885A09F8E5A473593267A4D /* Pods.xcconfig */ = {isa = PBXFileReference; includeInIndex = 1; lastKnownFileType = text.xcconfig; name = Pods.xcconfig; path = Pods/Pods.xcconfig; sourceTree = "<group>"; };
/* End PBXFileReference section */

/* Begin PBXFrameworksBuildPhase section */
		CC2182B91952796B00918366 /* Frameworks */ = {
			isa = PBXFrameworksBuildPhase;
			buildActionMask = 2147483647;
			files = (
				CC2182EF19527A8A00918366 /* SystemConfiguration.framework in Frameworks */,
				CC2182C21952796B00918366 /* CoreGraphics.framework in Frameworks */,
				CC2182C41952796B00918366 /* UIKit.framework in Frameworks */,
				CC2182C01952796B00918366 /* Foundation.framework in Frameworks */,
				47B2F02A2A1A4E23AB85B397 /* libPods.a in Frameworks */,
			);
			runOnlyForDeploymentPostprocessing = 0;
		};
		CC2182D41952796C00918366 /* Frameworks */ = {
			isa = PBXFrameworksBuildPhase;
			buildActionMask = 2147483647;
			files = (
				CC2182D91952796C00918366 /* XCTest.framework in Frameworks */,
				CC2182DB1952796C00918366 /* UIKit.framework in Frameworks */,
				CC2182DA1952796C00918366 /* Foundation.framework in Frameworks */,
			);
			runOnlyForDeploymentPostprocessing = 0;
		};
/* End PBXFrameworksBuildPhase section */

/* Begin PBXGroup section */
		CC20ED4E19567CE700323FBC /* images */ = {
			isa = PBXGroup;
			children = (
				CC20ED4F19567CE700323FBC /* checked.png */,
				CC20ED5019567CE700323FBC /* unchecked.png */,
			);
			name = images;
			path = YelpDemo/images;
			sourceTree = "<group>";
		};
		CC2182B31952796B00918366 = {
			isa = PBXGroup;
			children = (
				CC20ED4E19567CE700323FBC /* images */,
				CC2182C51952796B00918366 /* YelpDemo */,
				CC2182DE1952796C00918366 /* YelpDemoTests */,
				CC2182BE1952796B00918366 /* Frameworks */,
				CC2182BD1952796B00918366 /* Products */,
				F885A09F8E5A473593267A4D /* Pods.xcconfig */,
			);
			sourceTree = "<group>";
		};
		CC2182BD1952796B00918366 /* Products */ = {
			isa = PBXGroup;
			children = (
				CC2182BC1952796B00918366 /* YelpDemo.app */,
				CC2182D71952796C00918366 /* YelpDemoTests.xctest */,
			);
			name = Products;
			sourceTree = "<group>";
		};
		CC2182BE1952796B00918366 /* Frameworks */ = {
			isa = PBXGroup;
			children = (
				CC2182EE19527A8A00918366 /* SystemConfiguration.framework */,
				CC2182BF1952796B00918366 /* Foundation.framework */,
				CC2182C11952796B00918366 /* CoreGraphics.framework */,
				CC2182C31952796B00918366 /* UIKit.framework */,
				CC2182D81952796C00918366 /* XCTest.framework */,
				384D3D2B01CD4C36885FE3DF /* libPods.a */,
			);
			name = Frameworks;
			sourceTree = "<group>";
		};
		CC2182C51952796B00918366 /* YelpDemo */ = {
			isa = PBXGroup;
			children = (
				CC2182F81952890900918366 /* model */,
				CC2182CE1952796B00918366 /* AppDelegate.h */,
				CC2182CF1952796B00918366 /* AppDelegate.m */,
				CC2182D11952796B00918366 /* Images.xcassets */,
				CC2182C61952796B00918366 /* Supporting Files */,
				CC2182F019527B0D00918366 /* YelpHomeViewController.h */,
				CC2182F5195282BD00918366 /* YelpClient.h */,
				CC2182F6195282BD00918366 /* YelpClient.m */,
				CC2182F119527B0D00918366 /* YelpHomeViewController.m */,
				CC2183111953EF0B00918366 /* BusinessTableViewCell.h */,
				CC2183121953EF0B00918366 /* BusinessTableViewCell.m */,
				CC20ED4419555BE900323FBC /* FilterViewController.h */,
				CC20ED4519555BE900323FBC /* FilterViewController.m */,
				CC20ED491956439300323FBC /* FilterTableViewCell.h */,
				CC20ED4A1956439300323FBC /* FilterTableViewCell.m */,
				CC20ED4B1956439300323FBC /* FilterTableViewCell.xib */,
				CC20ED4619555BE900323FBC /* FilterViewController.xib */,
				CC2183131953EF0B00918366 /* BusinessTableViewCell.xib */,
				CC2182F219527B0D00918366 /* YelpHomeViewController.xib */,
			);
			path = YelpDemo;
			sourceTree = "<group>";
		};
		CC2182C61952796B00918366 /* Supporting Files */ = {
			isa = PBXGroup;
			children = (
				CC2182C71952796B00918366 /* YelpDemo-Info.plist */,
				CC2182C81952796B00918366 /* InfoPlist.strings */,
				CC2182CB1952796B00918366 /* main.m */,
				CC2182CD1952796B00918366 /* YelpDemo-Prefix.pch */,
			);
			name = "Supporting Files";
			sourceTree = "<group>";
		};
		CC2182DE1952796C00918366 /* YelpDemoTests */ = {
			isa = PBXGroup;
			children = (
				CC2182E41952796C00918366 /* YelpDemoTests.m */,
				CC2182DF1952796C00918366 /* Supporting Files */,
			);
			path = YelpDemoTests;
			sourceTree = "<group>";
		};
		CC2182DF1952796C00918366 /* Supporting Files */ = {
			isa = PBXGroup;
			children = (
				CC2182E01952796C00918366 /* YelpDemoTests-Info.plist */,
				CC2182E11952796C00918366 /* InfoPlist.strings */,
			);
			name = "Supporting Files";
			sourceTree = "<group>";
		};
		CC2182F81952890900918366 /* model */ = {
			isa = PBXGroup;
			children = (
				CC2182F919528A2E00918366 /* SearchAPIResponse.h */,
				CC2182FA19528A2E00918366 /* SearchAPIResponse.m */,
				CC2182FC19528B6100918366 /* Business.h */,
				CC2182FD19528B6100918366 /* Business.m */,
				CC2182FF19528B9100918366 /* Location.h */,
				CC21830019528B9100918366 /* Location.m */,
				CC218302195290D600918366 /* Region.h */,
				CC218303195290D600918366 /* Region.m */,
				CC218305195290EE00918366 /* Span.h */,
				CC218306195290EE00918366 /* Span.m */,
				CC2183081952910200918366 /* Center.h */,
				CC2183091952910200918366 /* Center.m */,
				CC21830B1953DFB600918366 /* BusinessCategory.h */,
				CC21830C1953DFB600918366 /* BusinessCategory.m */,
				CC21830E1953E62D00918366 /* Address.h */,
				CC21830F1953E62D00918366 /* Address.m */,
			);
			name = model;
			sourceTree = "<group>";
		};
/* End PBXGroup section */

/* Begin PBXNativeTarget section */
		CC2182BB1952796B00918366 /* YelpDemo */ = {
			isa = PBXNativeTarget;
			buildConfigurationList = CC2182E81952796C00918366 /* Build configuration list for PBXNativeTarget "YelpDemo" */;
			buildPhases = (
				934A09EFB4B9413EA33C9182 /* Check Pods Manifest.lock */,
				CC2182B81952796B00918366 /* Sources */,
				CC2182B91952796B00918366 /* Frameworks */,
				CC2182BA1952796B00918366 /* Resources */,
				044F237579C545D6BB0F9EED /* Copy Pods Resources */,
			);
			buildRules = (
			);
			dependencies = (
			);
			name = YelpDemo;
			productName = YelpDemo;
			productReference = CC2182BC1952796B00918366 /* YelpDemo.app */;
			productType = "com.apple.product-type.application";
		};
		CC2182D61952796C00918366 /* YelpDemoTests */ = {
			isa = PBXNativeTarget;
			buildConfigurationList = CC2182EB1952796C00918366 /* Build configuration list for PBXNativeTarget "YelpDemoTests" */;
			buildPhases = (
				CC2182D31952796C00918366 /* Sources */,
				CC2182D41952796C00918366 /* Frameworks */,
				CC2182D51952796C00918366 /* Resources */,
			);
			buildRules = (
			);
			dependencies = (
				CC2182DD1952796C00918366 /* PBXTargetDependency */,
			);
			name = YelpDemoTests;
			productName = YelpDemoTests;
			productReference = CC2182D71952796C00918366 /* YelpDemoTests.xctest */;
			productType = "com.apple.product-type.bundle.unit-test";
		};
/* End PBXNativeTarget section */

/* Begin PBXProject section */
		CC2182B41952796B00918366 /* Project object */ = {
			isa = PBXProject;
			attributes = {
				LastUpgradeCheck = 0510;
				ORGANIZATIONNAME = "yahoo inc";
				TargetAttributes = {
					CC2182D61952796C00918366 = {
						TestTargetID = CC2182BB1952796B00918366;
					};
				};
			};
			buildConfigurationList = CC2182B71952796B00918366 /* Build configuration list for PBXProject "YelpDemo" */;
			compatibilityVersion = "Xcode 3.2";
			developmentRegion = English;
			hasScannedForEncodings = 0;
			knownRegions = (
				en,
			);
			mainGroup = CC2182B31952796B00918366;
			productRefGroup = CC2182BD1952796B00918366 /* Products */;
			projectDirPath = "";
			projectRoot = "";
			targets = (
				CC2182BB1952796B00918366 /* YelpDemo */,
				CC2182D61952796C00918366 /* YelpDemoTests */,
			);
		};
/* End PBXProject section */

/* Begin PBXResourcesBuildPhase section */
		CC2182BA1952796B00918366 /* Resources */ = {
			isa = PBXResourcesBuildPhase;
			buildActionMask = 2147483647;
			files = (
				CC20ED4819555BE900323FBC /* FilterViewController.xib in Resources */,
				CC20ED4D1956439300323FBC /* FilterTableViewCell.xib in Resources */,
				CC20ED5219567CE700323FBC /* unchecked.png in Resources */,
				CC2182F419527B0D00918366 /* YelpHomeViewController.xib in Resources */,
				CC2183151953EF0B00918366 /* BusinessTableViewCell.xib in Resources */,
				CC20ED5119567CE700323FBC /* checked.png in Resources */,
				CC2182CA1952796B00918366 /* InfoPlist.strings in Resources */,
				CC2182D21952796B00918366 /* Images.xcassets in Resources */,
			);
			runOnlyForDeploymentPostprocessing = 0;
		};
		CC2182D51952796C00918366 /* Resources */ = {
			isa = PBXResourcesBuildPhase;
			buildActionMask = 2147483647;
			files = (
				CC2182E31952796C00918366 /* InfoPlist.strings in Resources */,
			);
			runOnlyForDeploymentPostprocessing = 0;
		};
/* End PBXResourcesBuildPhase section */

/* Begin PBXShellScriptBuildPhase section */
		044F237579C545D6BB0F9EED /* Copy Pods Resources */ = {
			isa = PBXShellScriptBuildPhase;
			buildActionMask = 2147483647;
			files = (
			);
			inputPaths = (
			);
			name = "Copy Pods Resources";
			outputPaths = (
			);
			runOnlyForDeploymentPostprocessing = 0;
			shellPath = /bin/sh;
			shellScript = "\"${SRCROOT}/Pods/Pods-resources.sh\"\n";
			showEnvVarsInLog = 0;
		};
		934A09EFB4B9413EA33C9182 /* Check Pods Manifest.lock */ = {
			isa = PBXShellScriptBuildPhase;
			buildActionMask = 2147483647;
			files = (
			);
			inputPaths = (
			);
			name = "Check Pods Manifest.lock";
			outputPaths = (
			);
			runOnlyForDeploymentPostprocessing = 0;
			shellPath = /bin/sh;
			shellScript = "diff \"${PODS_ROOT}/../Podfile.lock\" \"${PODS_ROOT}/Manifest.lock\" > /dev/null\nif [[ $? != 0 ]] ; then\n    cat << EOM\nerror: The sandbox is not in sync with the Podfile.lock. Run 'pod install' or update your CocoaPods installation.\nEOM\n    exit 1\nfi\n";
			showEnvVarsInLog = 0;
		};
/* End PBXShellScriptBuildPhase section */

/* Begin PBXSourcesBuildPhase section */
		CC2182B81952796B00918366 /* Sources */ = {
			isa = PBXSourcesBuildPhase;
			buildActionMask = 2147483647;
			files = (
				CC20ED4C1956439300323FBC /* FilterTableViewCell.m in Sources */,
				CC2182FB19528A2E00918366 /* SearchAPIResponse.m in Sources */,
				CC21830119528B9100918366 /* Location.m in Sources */,
				CC2182F7195282BD00918366 /* YelpClient.m in Sources */,
				CC21830D1953DFB600918366 /* BusinessCategory.m in Sources */,
				CC20ED4719555BE900323FBC /* FilterViewController.m in Sources */,
				CC218307195290EE00918366 /* Span.m in Sources */,
				CC21830A1952910200918366 /* Center.m in Sources */,
				CC2183101953E62D00918366 /* Address.m in Sources */,
				CC2182F319527B0D00918366 /* YelpHomeViewController.m in Sources */,
				CC2182FE19528B6100918366 /* Business.m in Sources */,
				CC2182D01952796B00918366 /* AppDelegate.m in Sources */,
				CC2182CC1952796B00918366 /* main.m in Sources */,
				CC2183141953EF0B00918366 /* BusinessTableViewCell.m in Sources */,
				CC218304195290D600918366 /* Region.m in Sources */,
			);
			runOnlyForDeploymentPostprocessing = 0;
		};
		CC2182D31952796C00918366 /* Sources */ = {
			isa = PBXSourcesBuildPhase;
			buildActionMask = 2147483647;
			files = (
				CC2182E51952796C00918366 /* YelpDemoTests.m in Sources */,
			);
			runOnlyForDeploymentPostprocessing = 0;
		};
/* End PBXSourcesBuildPhase section */

/* Begin PBXTargetDependency section */
		CC2182DD1952796C00918366 /* PBXTargetDependency */ = {
			isa = PBXTargetDependency;
			target = CC2182BB1952796B00918366 /* YelpDemo */;
			targetProxy = CC2182DC1952796C00918366 /* PBXContainerItemProxy */;
		};
/* End PBXTargetDependency section */

/* Begin PBXVariantGroup section */
		CC2182C81952796B00918366 /* InfoPlist.strings */ = {
			isa = PBXVariantGroup;
			children = (
				CC2182C91952796B00918366 /* en */,
			);
			name = InfoPlist.strings;
			sourceTree = "<group>";
		};
		CC2182E11952796C00918366 /* InfoPlist.strings */ = {
			isa = PBXVariantGroup;
			children = (
				CC2182E21952796C00918366 /* en */,
			);
			name = InfoPlist.strings;
			sourceTree = "<group>";
		};
/* End PBXVariantGroup section */

/* Begin XCBuildConfiguration section */
		CC2182E61952796C00918366 /* Debug */ = {
			isa = XCBuildConfiguration;
			buildSettings = {
				ALWAYS_SEARCH_USER_PATHS = NO;
				CLANG_CXX_LANGUAGE_STANDARD = "gnu++0x";
				CLANG_CXX_LIBRARY = "libc++";
				CLANG_ENABLE_MODULES = YES;
				CLANG_ENABLE_OBJC_ARC = YES;
				CLANG_WARN_BOOL_CONVERSION = YES;
				CLANG_WARN_CONSTANT_CONVERSION = YES;
				CLANG_WARN_DIRECT_OBJC_ISA_USAGE = YES_ERROR;
				CLANG_WARN_EMPTY_BODY = YES;
				CLANG_WARN_ENUM_CONVERSION = YES;
				CLANG_WARN_INT_CONVERSION = YES;
				CLANG_WARN_OBJC_ROOT_CLASS = YES_ERROR;
				CLANG_WARN__DUPLICATE_METHOD_MATCH = YES;
				"CODE_SIGN_IDENTITY[sdk=iphoneos*]" = "iPhone Developer";
				COPY_PHASE_STRIP = NO;
				GCC_C_LANGUAGE_STANDARD = gnu99;
				GCC_DYNAMIC_NO_PIC = NO;
				GCC_OPTIMIZATION_LEVEL = 0;
				GCC_PREPROCESSOR_DEFINITIONS = (
					"DEBUG=1",
					"$(inherited)",
				);
				GCC_SYMBOLS_PRIVATE_EXTERN = NO;
				GCC_WARN_64_TO_32_BIT_CONVERSION = YES;
				GCC_WARN_ABOUT_RETURN_TYPE = YES_ERROR;
				GCC_WARN_UNDECLARED_SELECTOR = YES;
				GCC_WARN_UNINITIALIZED_AUTOS = YES_AGGRESSIVE;
				GCC_WARN_UNUSED_FUNCTION = YES;
				GCC_WARN_UNUSED_VARIABLE = YES;
				IPHONEOS_DEPLOYMENT_TARGET = 7.1;
				ONLY_ACTIVE_ARCH = YES;
				SDKROOT = iphoneos;
			};
			name = Debug;
		};
		CC2182E71952796C00918366 /* Release */ = {
			isa = XCBuildConfiguration;
			buildSettings = {
				ALWAYS_SEARCH_USER_PATHS = NO;
				CLANG_CXX_LANGUAGE_STANDARD = "gnu++0x";
				CLANG_CXX_LIBRARY = "libc++";
				CLANG_ENABLE_MODULES = YES;
				CLANG_ENABLE_OBJC_ARC = YES;
				CLANG_WARN_BOOL_CONVERSION = YES;
				CLANG_WARN_CONSTANT_CONVERSION = YES;
				CLANG_WARN_DIRECT_OBJC_ISA_USAGE = YES_ERROR;
				CLANG_WARN_EMPTY_BODY = YES;
				CLANG_WARN_ENUM_CONVERSION = YES;
				CLANG_WARN_INT_CONVERSION = YES;
				CLANG_WARN_OBJC_ROOT_CLASS = YES_ERROR;
				CLANG_WARN__DUPLICATE_METHOD_MATCH = YES;
				"CODE_SIGN_IDENTITY[sdk=iphoneos*]" = "iPhone Developer";
				COPY_PHASE_STRIP = YES;
				ENABLE_NS_ASSERTIONS = NO;
				GCC_C_LANGUAGE_STANDARD = gnu99;
				GCC_WARN_64_TO_32_BIT_CONVERSION = YES;
				GCC_WARN_ABOUT_RETURN_TYPE = YES_ERROR;
				GCC_WARN_UNDECLARED_SELECTOR = YES;
				GCC_WARN_UNINITIALIZED_AUTOS = YES_AGGRESSIVE;
				GCC_WARN_UNUSED_FUNCTION = YES;
				GCC_WARN_UNUSED_VARIABLE = YES;
				IPHONEOS_DEPLOYMENT_TARGET = 7.1;
				SDKROOT = iphoneos;
				VALIDATE_PRODUCT = YES;
			};
			name = Release;
		};
		CC2182E91952796C00918366 /* Debug */ = {
			isa = XCBuildConfiguration;
			baseConfigurationReference = F885A09F8E5A473593267A4D /* Pods.xcconfig */;
			buildSettings = {
				ASSETCATALOG_COMPILER_APPICON_NAME = AppIcon;
				ASSETCATALOG_COMPILER_LAUNCHIMAGE_NAME = LaunchImage;
				GCC_PRECOMPILE_PREFIX_HEADER = YES;
				GCC_PREFIX_HEADER = "YelpDemo/YelpDemo-Prefix.pch";
				INFOPLIST_FILE = "YelpDemo/YelpDemo-Info.plist";
				PRODUCT_NAME = "$(TARGET_NAME)";
				WRAPPER_EXTENSION = app;
			};
			name = Debug;
		};
		CC2182EA1952796C00918366 /* Release */ = {
			isa = XCBuildConfiguration;
			baseConfigurationReference = F885A09F8E5A473593267A4D /* Pods.xcconfig */;
			buildSettings = {
				ASSETCATALOG_COMPILER_APPICON_NAME = AppIcon;
				ASSETCATALOG_COMPILER_LAUNCHIMAGE_NAME = LaunchImage;
				GCC_PRECOMPILE_PREFIX_HEADER = YES;
				GCC_PREFIX_HEADER = "YelpDemo/YelpDemo-Prefix.pch";
				INFOPLIST_FILE = "YelpDemo/YelpDemo-Info.plist";
				PRODUCT_NAME = "$(TARGET_NAME)";
				WRAPPER_EXTENSION = app;
			};
			name = Release;
		};
		CC2182EC1952796C00918366 /* Debug */ = {
			isa = XCBuildConfiguration;
			buildSettings = {
				BUNDLE_LOADER = "$(BUILT_PRODUCTS_DIR)/YelpDemo.app/YelpDemo";
				FRAMEWORK_SEARCH_PATHS = (
					"$(SDKROOT)/Developer/Library/Frameworks",
					"$(inherited)",
					"$(DEVELOPER_FRAMEWORKS_DIR)",
				);
				GCC_PRECOMPILE_PREFIX_HEADER = YES;
				GCC_PREFIX_HEADER = "YelpDemo/YelpDemo-Prefix.pch";
				GCC_PREPROCESSOR_DEFINITIONS = (
					"DEBUG=1",
					"$(inherited)",
				);
				INFOPLIST_FILE = "YelpDemoTests/YelpDemoTests-Info.plist";
				PRODUCT_NAME = "$(TARGET_NAME)";
				TEST_HOST = "$(BUNDLE_LOADER)";
				WRAPPER_EXTENSION = xctest;
			};
			name = Debug;
		};
		CC2182ED1952796C00918366 /* Release */ = {
			isa = XCBuildConfiguration;
			buildSettings = {
				BUNDLE_LOADER = "$(BUILT_PRODUCTS_DIR)/YelpDemo.app/YelpDemo";
				FRAMEWORK_SEARCH_PATHS = (
					"$(SDKROOT)/Developer/Library/Frameworks",
					"$(inherited)",
					"$(DEVELOPER_FRAMEWORKS_DIR)",
				);
				GCC_PRECOMPILE_PREFIX_HEADER = YES;
				GCC_PREFIX_HEADER = "YelpDemo/YelpDemo-Prefix.pch";
				INFOPLIST_FILE = "YelpDemoTests/YelpDemoTests-Info.plist";
				PRODUCT_NAME = "$(TARGET_NAME)";
				TEST_HOST = "$(BUNDLE_LOADER)";
				WRAPPER_EXTENSION = xctest;
			};
			name = Release;
		};
/* End XCBuildConfiguration section */

/* Begin XCConfigurationList section */
		CC2182B71952796B00918366 /* Build configuration list for PBXProject "YelpDemo" */ = {
			isa = XCConfigurationList;
			buildConfigurations = (
				CC2182E61952796C00918366 /* Debug */,
				CC2182E71952796C00918366 /* Release */,
			);
			defaultConfigurationIsVisible = 0;
			defaultConfigurationName = Release;
		};
		CC2182E81952796C00918366 /* Build configuration list for PBXNativeTarget "YelpDemo" */ = {
			isa = XCConfigurationList;
			buildConfigurations = (
				CC2182E91952796C00918366 /* Debug */,
				CC2182EA1952796C00918366 /* Release */,
			);
			defaultConfigurationIsVisible = 0;
			defaultConfigurationName = Release;
		};
		CC2182EB1952796C00918366 /* Build configuration list for PBXNativeTarget "YelpDemoTests" */ = {
			isa = XCConfigurationList;
			buildConfigurations = (
				CC2182EC1952796C00918366 /* Debug */,
				CC2182ED1952796C00918366 /* Release */,
			);
			defaultConfigurationIsVisible = 0;
			defaultConfigurationName = Release;
		};
/* End XCConfigurationList section */
	};
	rootObject = CC2182B41952796B00918366 /* Project object */;
}
